
Microsoft Visual Studio Solution File, Format Version 12.00
# Visual Studio Version 17
VisualStudioVersion = 17.1.32210.238
MinimumVisualStudioVersion = 10.0.40219.1
Project("{9A19103F-16F7-4668-BE54-9A1E7A4F7556}") = "Ahoy-Hotel-API", "Ahoy-Hotel-API.csproj", "{CE3FA51E-8C40-4B48-A1D3-6A71807E665C}"
EndProject
Project("{9A19103F-16F7-4668-BE54-9A1E7A4F7556}") = "Ahoy-Hotel-Test", "..\Ahoy-Hotel-Test\Ahoy-Hotel-Test.csproj", "{A07CB2D1-74DA-41DB-8356-D1FC179E625A}"
EndProject
Global
	GlobalSection(SolutionConfigurationPlatforms) = preSolution
		Debug|Any CPU = Debug|Any CPU
		Release|Any CPU = Release|Any CPU
	EndGlobalSection
	GlobalSection(ProjectConfigurationPlatforms) = postSolution
		{CE3FA51E-8C40-4B48-A1D3-6A71807E665C}.Debug|Any CPU.ActiveCfg = Debug|Any CPU
		{CE3FA51E-8C40-4B48-A1D3-6A71807E665C}.Debug|Any CPU.Build.0 = Debug|Any CPU
		{CE3FA51E-8C40-4B48-A1D3-6A71807E665C}.Release|Any CPU.ActiveCfg = Release|Any CPU
		{CE3FA51E-8C40-4B48-A1D3-6A71807E665C}.Release|Any CPU.Build.0 = Release|Any CPU
		{A07CB2D1-74DA-41DB-8356-D1FC179E625A}.Debug|Any CPU.ActiveCfg = Debug|Any CPU
		{A07CB2D1-74DA-41DB-8356-D1FC179E625A}.Debug|Any CPU.Build.0 = Debug|Any CPU
		{A07CB2D1-74DA-41DB-8356-D1FC179E625A}.Release|Any CPU.ActiveCfg = Release|Any CPU
		{A07CB2D1-74DA-41DB-8356-D1FC179E625A}.Release|Any CPU.Build.0 = Release|Any CPU
	EndGlobalSection
	GlobalSection(SolutionProperties) = preSolution
		HideSolutionNode = FALSE
	EndGlobalSection
	GlobalSection(ExtensibilityGlobals) = postSolution
		SolutionGuid = {B469AD98-A4A2-4F38-8EF7-3BBCF381BA16}
	EndGlobalSection
EndGlobal
